
Microsoft Visual Studio Solution File, Format Version 12.00
# Visual Studio Version 17
VisualStudioVersion = 17.4.33110.190
MinimumVisualStudioVersion = 10.0.40219.1
Project("{FAE04EC0-301F-11D3-BF4B-00C04F79EFBC}") = "SendMessagesRabbitMQ", "SendMessagesRabbitMQ\SendMessagesRabbitMQ.csproj", "{65A69113-E7A7-4276-9EA1-1991722AA3DE}"
EndProject
Global
	GlobalSection(SolutionConfigurationPlatforms) = preSolution
		Debug|Any CPU = Debug|Any CPU
		Release|Any CPU = Release|Any CPU
	EndGlobalSection
	GlobalSection(ProjectConfigurationPlatforms) = postSolution
		{65A69113-E7A7-4276-9EA1-1991722AA3DE}.Debug|Any CPU.ActiveCfg = Debug|Any CPU
		{65A69113-E7A7-4276-9EA1-1991722AA3DE}.Debug|Any CPU.Build.0 = Debug|Any CPU
		{65A69113-E7A7-4276-9EA1-1991722AA3DE}.Release|Any CPU.ActiveCfg = Release|Any CPU
		{65A69113-E7A7-4276-9EA1-1991722AA3DE}.Release|Any CPU.Build.0 = Release|Any CPU
	EndGlobalSection
	GlobalSection(SolutionProperties) = preSolution
		HideSolutionNode = FALSE
	EndGlobalSection
	GlobalSection(ExtensibilityGlobals) = postSolution
		SolutionGuid = {09854C1F-EEF6-46C4-A9BB-3FBBE6308A40}
	EndGlobalSection
EndGlobal
